
Microsoft Visual Studio Solution File, Format Version 12.00
# Visual Studio Version 17
VisualStudioVersion = 17.9.34607.119
MinimumVisualStudioVersion = 10.0.40219.1
Project("{FAE04EC0-301F-11D3-BF4B-00C04F79EFBC}") = "AgriEnergyConnect", "AgriEnergyConnect.csproj", "{C43DE394-94DF-4721-A563-30B99094112D}"
EndProject
Global
	GlobalSection(SolutionConfigurationPlatforms) = preSolution
		Debug|Any CPU = Debug|Any CPU
		Release|Any CPU = Release|Any CPU
	EndGlobalSection
	GlobalSection(ProjectConfigurationPlatforms) = postSolution
		{C43DE394-94DF-4721-A563-30B99094112D}.Debug|Any CPU.ActiveCfg = Debug|Any CPU
		{C43DE394-94DF-4721-A563-30B99094112D}.Debug|Any CPU.Build.0 = Debug|Any CPU
		{C43DE394-94DF-4721-A563-30B99094112D}.Release|Any CPU.ActiveCfg = Release|Any CPU
		{C43DE394-94DF-4721-A563-30B99094112D}.Release|Any CPU.Build.0 = Release|Any CPU
	EndGlobalSection
	GlobalSection(SolutionProperties) = preSolution
		HideSolutionNode = FALSE
	EndGlobalSection
	GlobalSection(ExtensibilityGlobals) = postSolution
		SolutionGuid = {8667B135-C7CF-4E96-8C45-BB93EE441A85}
	EndGlobalSection
EndGlobal
